{
  "nodes": {
    "brew-api": {
      "flake": false,
      "locked": {
        "lastModified": 1732952826,
        "narHash": "sha256-hRgVNMTz4FZSZvCK+SDG2qnemATJcCPqVsjxnrckRaE=",
        "owner": "BatteredBunny",
        "repo": "brew-api",
        "rev": "d30e1ce62336cf31ccc52684b6f7588bb55ac2a1",
        "type": "github"
      },
      "original": {
        "owner": "BatteredBunny",
        "repo": "brew-api",
        "type": "github"
      }
    },
    "brew-nix": {
      "inputs": {
        "brew-api": ["brew-api"],
        "flake-utils": ["flake-utils"],
        "nix-darwin": ["darwin"],
        "nixpkgs": ["nixpkgs"]
      },
      "locked": {
        "lastModified": 1732954938,
        "narHash": "sha256-MBqk0E6IJm5eYJvlw2ALdnv+UnGVDxQEUrVGzQYwPiU=",
        "owner": "klchen0112",
        "repo": "brew-nix",
        "rev": "c13e979cade578bba60fbfe3df75a76908091652",
        "type": "github"
      },
      "original": {
        "owner": "klchen0112",
        "repo": "brew-nix",
        "type": "github"
      }
    },
    "darwin": {
      "inputs": {
        "nixpkgs": ["nixpkgs"]
      },
      "locked": {
        "lastModified": 1732603785,
        "narHash": "sha256-AEjWTJwOmSnVYsSJCojKgoguGfFfwel6z/6ud6UFMU8=",
        "owner": "lnl7",
        "repo": "nix-darwin",
        "rev": "6ab87b7c84d4ee873e937108c4ff80c015a40c7a",
        "type": "github"
      },
      "original": {
        "owner": "lnl7",
        "ref": "master",
        "repo": "nix-darwin",
        "type": "github"
      }
    },
    "devshell": {
      "inputs": {
        "nixpkgs": ["nixpkgs"]
      },
      "locked": {
        "lastModified": 1728330715,
        "narHash": "sha256-xRJ2nPOXb//u1jaBnDP56M7v5ldavjbtR6lfGqSvcKg=",
        "owner": "numtide",
        "repo": "devshell",
        "rev": "dd6b80932022cea34a019e2bb32f6fa9e494dfef",
        "type": "github"
      },
      "original": {
        "owner": "numtide",
        "repo": "devshell",
        "type": "github"
      }
    },
    "doom": {
      "flake": false,
      "locked": {
        "lastModified": 1732704140,
        "narHash": "sha256-r4+Bsx1Vk+I8XzaN5g8faphwlkDdfZ6zQZH2rM729uY=",
        "owner": "klchen0112",
        "repo": "doom",
        "rev": "273fb08c324d0e46b21867f3a4f9bf00bbbe13eb",
        "type": "github"
      },
      "original": {
        "owner": "klchen0112",
        "repo": "doom",
        "type": "github"
      }
    },
    "doomemacs": {
      "flake": false,
      "locked": {
        "lastModified": 1732368874,
        "narHash": "sha256-ketdYl75drmTQZRUvUDcVswUXGi0vKonzqopX8Maja8=",
        "owner": "doomemacs",
        "repo": "doomemacs",
        "rev": "9c8cfaadde1ccc96a780d713d2a096f0440b9483",
        "type": "github"
      },
      "original": {
        "owner": "doomemacs",
        "repo": "doomemacs",
        "type": "github"
      }
    },
    "emacs-overlay": {
      "inputs": {
        "nixpkgs": ["nixpkgs-unstable"],
        "nixpkgs-stable": ["nixpkgs"]
      },
      "locked": {
        "lastModified": 1732932542,
        "narHash": "sha256-837KjsuR9UWt+H6eVOJ58bcNZ92Qf9L2R3TJeiVrMd0=",
        "owner": "nix-community",
        "repo": "emacs-overlay",
        "rev": "7c0720d624aae2b9ab356e3e858a2490bce1b822",
        "type": "github"
      },
      "original": {
        "owner": "nix-community",
        "ref": "master",
        "repo": "emacs-overlay",
        "type": "github"
      }
    },
    "flake-compat": {
      "locked": {
        "lastModified": 1732722421,
        "narHash": "sha256-HRJ/18p+WoXpWJkcdsk9St5ZiukCqSDgbOGFa8Okehg=",
        "owner": "edolstra",
        "repo": "flake-compat",
        "rev": "9ed2ac151eada2306ca8c418ebd97807bb08f6ac",
        "type": "github"
      },
      "original": {
        "owner": "edolstra",
        "repo": "flake-compat",
        "type": "github"
      }
    },
    "flake-parts": {
      "inputs": {
        "nixpkgs-lib": ["nixpkgs-lib"]
      },
      "locked": {
        "lastModified": 1730504689,
        "narHash": "sha256-hgmguH29K2fvs9szpq2r3pz2/8cJd2LPS+b4tfNFCwE=",
        "owner": "hercules-ci",
        "repo": "flake-parts",
        "rev": "506278e768c2a08bec68eb62932193e341f55c90",
        "type": "github"
      },
      "original": {
        "owner": "hercules-ci",
        "repo": "flake-parts",
        "type": "github"
      }
    },
    "flake-utils": {
      "inputs": {
        "systems": ["systems"]
      },
      "locked": {
        "lastModified": 1731533236,
        "narHash": "sha256-l0KFg5HjrsfsO/JpG+r7fRrqm12kzFHyUHqHCVpMMbI=",
        "owner": "numtide",
        "repo": "flake-utils",
        "rev": "11707dc2f618dd54ca8739b309ec4fc024de578b",
        "type": "github"
      },
      "original": {
        "owner": "numtide",
        "repo": "flake-utils",
        "type": "github"
      }
    },
    "gitignore": {
      "inputs": {
        "nixpkgs": ["pre-commit-hooks", "nixpkgs"]
      },
      "locked": {
        "lastModified": 1709087332,
        "narHash": "sha256-HG2cCnktfHsKV0s4XW83gU3F57gaTljL9KNSuG6bnQs=",
        "owner": "hercules-ci",
        "repo": "gitignore.nix",
        "rev": "637db329424fd7e46cf4185293b9cc8c88c95394",
        "type": "github"
      },
      "original": {
        "owner": "hercules-ci",
        "repo": "gitignore.nix",
        "type": "github"
      }
    },
    "home-manager": {
      "inputs": {
        "nixpkgs": ["nixpkgs"]
      },
      "locked": {
        "lastModified": 1732716713,
        "narHash": "sha256-Eycig9WPPtSst6Vz+czsD63OvpEewLyECrAmHQPtfL8=",
        "owner": "klchen0112",
        "repo": "home-manager",
        "rev": "140d761e5237389cde27ed2e7c7465d9c37feb91",
        "type": "github"
      },
      "original": {
        "owner": "klchen0112",
        "ref": "emacs",
        "repo": "home-manager",
        "type": "github"
      }
    },
    "lib-aggregate": {
      "inputs": {
        "flake-utils": ["flake-utils"],
        "nixpkgs-lib": ["nixpkgs-lib"]
      },
      "locked": {
        "lastModified": 1732450403,
        "narHash": "sha256-qYjJeHYUHDgfDsvMpIf9TRz0oAoMwvYP75XHObDjWIg=",
        "owner": "nix-community",
        "repo": "lib-aggregate",
        "rev": "c817444fb8a3042c26be57d8640fb744bc1b516c",
        "type": "github"
      },
      "original": {
        "owner": "nix-community",
        "repo": "lib-aggregate",
        "type": "github"
      }
    },
    "nix-doom-emacs-unstraightened": {
      "inputs": {
        "doomemacs": "doomemacs",
        "emacs-overlay": ["emacs-overlay"],
        "nixpkgs": ["nixpkgs"],
        "systems": ["systems"]
      },
      "locked": {
        "lastModified": 1732869645,
        "narHash": "sha256-uELqVckho4LxG+qGWg+Gcl1TJXQFbFqeldswc+dz0Qg=",
        "owner": "marienz",
        "repo": "nix-doom-emacs-unstraightened",
        "rev": "a0c41acc6fd83bfef50545f4f39d1b972d6e1dd8",
        "type": "github"
      },
      "original": {
        "owner": "marienz",
        "repo": "nix-doom-emacs-unstraightened",
        "type": "github"
      }
    },
    "nix-eval-jobs": {
      "inputs": {
        "flake-parts": ["flake-parts"],
        "nix-github-actions": "nix-github-actions",
        "nixpkgs": ["nixpkgs"],
        "treefmt-nix": ["treefmt-nix"]
      },
      "locked": {
        "lastModified": 1732631228,
        "narHash": "sha256-/7Wyhp00yecUMPNz79gGZpjos8OLHqOfdiWWIQfZA1M=",
        "owner": "nix-community",
        "repo": "nix-eval-jobs",
        "rev": "8f56354b794624689851b2d86c2ce0209cc8f0cf",
        "type": "github"
      },
      "original": {
        "owner": "nix-community",
        "repo": "nix-eval-jobs",
        "type": "github"
      }
    },
    "nix-formatter-pack": {
      "inputs": {
        "nixpkgs": ["nix-on-droid", "nixpkgs"],
        "nmd": "nmd",
        "nmt": "nmt"
      },
      "locked": {
        "lastModified": 1705252799,
        "narHash": "sha256-HgSTREh7VoXjGgNDwKQUYcYo13rPkltW7IitHrTPA5c=",
        "owner": "Gerschtli",
        "repo": "nix-formatter-pack",
        "rev": "2de39dedd79aab14c01b9e2934842051a160ffa5",
        "type": "github"
      },
      "original": {
        "owner": "Gerschtli",
        "repo": "nix-formatter-pack",
        "type": "github"
      }
    },
    "nix-github-actions": {
      "inputs": {
        "nixpkgs": ["nix-eval-jobs", "nixpkgs"]
      },
      "locked": {
        "lastModified": 1731952509,
        "narHash": "sha256-p4gB3Rhw8R6Ak4eMl8pqjCPOLCZRqaehZxdZ/mbFClM=",
        "owner": "nix-community",
        "repo": "nix-github-actions",
        "rev": "7b5f051df789b6b20d259924d349a9ba3319b226",
        "type": "github"
      },
      "original": {
        "owner": "nix-community",
        "repo": "nix-github-actions",
        "type": "github"
      }
    },
    "nix-on-droid": {
      "inputs": {
        "home-manager": ["home-manager"],
        "nix-formatter-pack": "nix-formatter-pack",
        "nixpkgs": ["nixpkgs"],
        "nixpkgs-docs": "nixpkgs-docs",
        "nixpkgs-for-bootstrap": "nixpkgs-for-bootstrap",
        "nmd": "nmd_2"
      },
      "locked": {
        "lastModified": 1709879753,
        "narHash": "sha256-zEpy3eweBus/cW/oRMBINps6Bnlazpa7TadonwWibHA=",
        "owner": "nix-community",
        "repo": "nix-on-droid",
        "rev": "7b3cc6e3f9919b2d23003cfafb60c146c3f45793",
        "type": "github"
      },
      "original": {
        "owner": "nix-community",
        "ref": "release-23.11",
        "repo": "nix-on-droid",
        "type": "github"
      }
    },
    "nix-vscode-extensions": {
      "inputs": {
        "flake-compat": ["flake-compat"],
        "flake-utils": ["flake-utils"],
        "nixpkgs": ["nixpkgs-unstable"]
      },
      "locked": {
        "lastModified": 1732931481,
        "narHash": "sha256-W4FRZVN3ExbjEQLoRijmmCu0vWJ5sYMRLzFCCsfDHhU=",
        "owner": "nix-community",
        "repo": "nix-vscode-extensions",
        "rev": "ad53e4155149d1d69e45bc0ade1d9695d81a05b6",
        "type": "github"
      },
      "original": {
        "owner": "nix-community",
        "repo": "nix-vscode-extensions",
        "type": "github"
      }
    },
    "nixgl": {
      "inputs": {
        "flake-utils": ["flake-utils"],
        "nixpkgs": ["nixpkgs"]
      },
      "locked": {
        "lastModified": 1713543440,
        "narHash": "sha256-lnzZQYG0+EXl/6NkGpyIz+FEOc/DSEG57AP1VsdeNrM=",
        "owner": "guibou",
        "repo": "nixGL",
        "rev": "310f8e49a149e4c9ea52f1adf70cdc768ec53f8a",
        "type": "github"
      },
      "original": {
        "owner": "guibou",
        "repo": "nixGL",
        "type": "github"
      }
    },
    "nixos-cosmic": {
      "inputs": {
        "flake-compat": ["flake-compat"],
        "nixpkgs": ["nixpkgs"],
        "nixpkgs-stable": "nixpkgs-stable",
        "rust-overlay": "rust-overlay"
      },
      "locked": {
        "lastModified": 1732757557,
        "narHash": "sha256-zADldaLfiSb2iGPhcSJPokGypYa1Fix0llhWkMvm8pQ=",
        "owner": "lilyinstarlight",
        "repo": "nixos-cosmic",
        "rev": "5116835b8eb2ec18ec258050a11d374d38ac8764",
        "type": "github"
      },
      "original": {
        "owner": "lilyinstarlight",
        "repo": "nixos-cosmic",
        "type": "github"
      }
    },
    "nixos-wsl": {
      "inputs": {
        "flake-compat": ["flake-compat"],
        "flake-utils": ["flake-utils"],
        "nixpkgs": ["nixpkgs"]
      },
      "locked": {
        "lastModified": 1731682434,
        "narHash": "sha256-HnZFPB7akVIy0KuPq/tEkiB+Brt1qi0DUIDzR8z25qI=",
        "owner": "nix-community",
        "repo": "NixOS-WSL",
        "rev": "a6b9cf0b7805e2c50829020a73e7bde683fd36dd",
        "type": "github"
      },
      "original": {
        "owner": "nix-community",
        "repo": "NixOS-WSL",
        "type": "github"
      }
    },
    "nixpkgs": {
      "locked": {
        "lastModified": 1732758367,
        "narHash": "sha256-RzaI1RO0UXqLjydtz3GAXSTzHkpb/lLD1JD8a0W4Wpo=",
        "owner": "nixos",
        "repo": "nixpkgs",
        "rev": "fa42b5a5f401aab8a32bd33c9a4de0738180dc59",
        "type": "github"
      },
      "original": {
        "owner": "nixos",
        "ref": "nixos-unstable",
        "repo": "nixpkgs",
        "type": "github"
      }
    },
    "nixpkgs-docs": {
      "locked": {
        "lastModified": 1705957679,
        "narHash": "sha256-Q8LJaVZGJ9wo33wBafvZSzapYsjOaNjP/pOnSiKVGHY=",
        "owner": "NixOS",
        "repo": "nixpkgs",
        "rev": "9a333eaa80901efe01df07eade2c16d183761fa3",
        "type": "github"
      },
      "original": {
        "owner": "NixOS",
        "ref": "release-23.05",
        "repo": "nixpkgs",
        "type": "github"
      }
    },
    "nixpkgs-for-bootstrap": {
      "locked": {
        "lastModified": 1708105575,
        "narHash": "sha256-sS4AItZeUnAei6v8FqxNlm+/27MPlfoGym/TZP0rmH0=",
        "owner": "NixOS",
        "repo": "nixpkgs",
        "rev": "1d1817869c47682a6bee85b5b0a6537b6c0fba26",
        "type": "github"
      },
      "original": {
        "owner": "NixOS",
        "repo": "nixpkgs",
        "rev": "1d1817869c47682a6bee85b5b0a6537b6c0fba26",
        "type": "github"
      }
    },
    "nixpkgs-lib": {
      "locked": {
        "lastModified": 1732410305,
        "narHash": "sha256-/hxIKRTBsdrnudJWDGaBN8wIjHovqVAVxXdi8ByVtck=",
        "owner": "nix-community",
        "repo": "nixpkgs.lib",
        "rev": "87b6978992e2eb605732fba842cad0a7e14b2047",
        "type": "github"
      },
      "original": {
        "owner": "nix-community",
        "repo": "nixpkgs.lib",
        "type": "github"
      }
    },
    "nixpkgs-stable": {
      "locked": {
        "lastModified": 1731797254,
        "narHash": "sha256-df3dJApLPhd11AlueuoN0Q4fHo/hagP75LlM5K1sz9g=",
        "owner": "NixOS",
        "repo": "nixpkgs",
        "rev": "e8c38b73aeb218e27163376a2d617e61a2ad9b59",
        "type": "github"
      },
      "original": {
        "owner": "NixOS",
        "ref": "nixos-24.05",
        "repo": "nixpkgs",
        "type": "github"
      }
    },
    "nixpkgs-unstable": {
      "locked": {
        "lastModified": 1732953644,
        "narHash": "sha256-nVzjJViBDSo+m4OeyMKThPGhLPHUJZn78+m/8gSBJuY=",
        "owner": "nixos",
        "repo": "nixpkgs",
        "rev": "86911616f7771cc3086a24430843141f0b5577eb",
        "type": "github"
      },
      "original": {
        "owner": "nixos",
        "ref": "master",
        "repo": "nixpkgs",
        "type": "github"
      }
    },
    "nmd": {
      "flake": false,
      "locked": {
        "lastModified": 1666190571,
        "narHash": "sha256-Z1hc7M9X6L+H83o9vOprijpzhTfOBjd0KmUTnpHAVjA=",
        "owner": "rycee",
        "repo": "nmd",
        "rev": "b75d312b4f33bd3294cd8ae5c2ca8c6da2afc169",
        "type": "gitlab"
      },
      "original": {
        "owner": "rycee",
        "repo": "nmd",
        "type": "gitlab"
      }
    },
    "nmd_2": {
      "inputs": {
        "nixpkgs": ["nix-on-droid", "nixpkgs-docs"],
        "scss-reset": "scss-reset"
      },
      "locked": {
        "lastModified": 1705050560,
        "narHash": "sha256-x3zzcdvhJpodsmdjqB4t5mkVW22V3wqHLOun0KRBzUI=",
        "owner": "~rycee",
        "repo": "nmd",
        "rev": "66d9334933119c36f91a78d565c152a4fdc8d3d3",
        "type": "sourcehut"
      },
      "original": {
        "owner": "~rycee",
        "repo": "nmd",
        "type": "sourcehut"
      }
    },
    "nmt": {
      "flake": false,
      "locked": {
        "lastModified": 1648075362,
        "narHash": "sha256-u36WgzoA84dMVsGXzml4wZ5ckGgfnvS0ryzo/3zn/Pc=",
        "owner": "rycee",
        "repo": "nmt",
        "rev": "d83601002c99b78c89ea80e5e6ba21addcfe12ae",
        "type": "gitlab"
      },
      "original": {
        "owner": "rycee",
        "repo": "nmt",
        "type": "gitlab"
      }
    },
    "nur": {
      "locked": {
        "lastModified": 1732951256,
        "narHash": "sha256-LOu8fiaAfyB2AkSyl88DuSo1kua34GGyAisWZZVXv44=",
        "owner": "nix-community",
        "repo": "NUR",
        "rev": "fc6d92b2cd8d719fd8645291845d07bb1fb79407",
        "type": "github"
      },
      "original": {
        "owner": "nix-community",
        "repo": "NUR",
        "type": "github"
      }
    },
    "own-nur": {
      "inputs": {
        "nixpkgs": ["nixpkgs"]
      },
      "locked": {
        "lastModified": 1716104015,
        "narHash": "sha256-zWhrtzao1ioO6r8Oyp3/6g8xNwtHIKTdkBjQaZKUTCs=",
        "owner": "klchen0112",
        "repo": "nur",
        "rev": "e6905529554187ad30ec18857bad9063394d6f81",
        "type": "github"
      },
      "original": {
        "owner": "klchen0112",
        "repo": "nur",
        "type": "github"
      }
    },
    "pre-commit-hooks": {
      "inputs": {
        "flake-compat": ["flake-compat"],
        "gitignore": "gitignore",
        "nixpkgs": ["nixpkgs"],
        "nixpkgs-stable": ["nixpkgs-unstable"]
      },
      "locked": {
        "lastModified": 1732021966,
        "narHash": "sha256-mnTbjpdqF0luOkou8ZFi2asa1N3AA2CchR/RqCNmsGE=",
        "owner": "cachix",
        "repo": "git-hooks.nix",
        "rev": "3308484d1a443fc5bc92012435d79e80458fe43c",
        "type": "github"
      },
      "original": {
        "owner": "cachix",
        "repo": "git-hooks.nix",
        "type": "github"
      }
    },
    "root": {
      "inputs": {
        "brew-api": "brew-api",
        "brew-nix": "brew-nix",
        "darwin": "darwin",
        "devshell": "devshell",
        "doom": "doom",
        "emacs-overlay": "emacs-overlay",
        "flake-compat": "flake-compat",
        "flake-parts": "flake-parts",
        "flake-utils": "flake-utils",
        "home-manager": "home-manager",
        "lib-aggregate": "lib-aggregate",
        "nix-doom-emacs-unstraightened": "nix-doom-emacs-unstraightened",
        "nix-eval-jobs": "nix-eval-jobs",
        "nix-on-droid": "nix-on-droid",
        "nix-vscode-extensions": "nix-vscode-extensions",
        "nixgl": "nixgl",
        "nixos-cosmic": "nixos-cosmic",
        "nixos-wsl": "nixos-wsl",
        "nixpkgs": "nixpkgs",
        "nixpkgs-lib": "nixpkgs-lib",
        "nixpkgs-unstable": "nixpkgs-unstable",
        "nur": "nur",
        "own-nur": "own-nur",
        "pre-commit-hooks": "pre-commit-hooks",
        "systems": "systems",
        "treefmt-nix": "treefmt-nix"
      }
    },
    "rust-overlay": {
      "inputs": {
        "nixpkgs": ["nixos-cosmic", "nixpkgs"]
      },
      "locked": {
        "lastModified": 1732588352,
        "narHash": "sha256-J2/hxOO1VtBA/u+a+9E+3iJpWT3xsBdghgYAVfoGCJo=",
        "owner": "oxalica",
        "repo": "rust-overlay",
        "rev": "414e748aae5c9e6ca63c5aafffda03e5dad57ceb",
        "type": "github"
      },
      "original": {
        "owner": "oxalica",
        "repo": "rust-overlay",
        "type": "github"
      }
    },
    "scss-reset": {
      "flake": false,
      "locked": {
        "lastModified": 1631450058,
        "narHash": "sha256-muDlZJPtXDIGevSEWkicPP0HQ6VtucbkMNygpGlBEUM=",
        "owner": "andreymatin",
        "repo": "scss-reset",
        "rev": "0cf50e27a4e95e9bb5b1715eedf9c54dee1a5a91",
        "type": "github"
      },
      "original": {
        "owner": "andreymatin",
        "repo": "scss-reset",
        "type": "github"
      }
    },
    "systems": {
      "locked": {
        "lastModified": 1681028828,
        "narHash": "sha256-Vy1rq5AaRuLzOxct8nz4T6wlgyUR7zLU309k9mBC768=",
        "owner": "nix-systems",
        "repo": "default",
        "rev": "da67096a3b9bf56a91d16901293e51ba5b49a27e",
        "type": "github"
      },
      "original": {
        "owner": "nix-systems",
        "repo": "default",
        "type": "github"
      }
    },
    "treefmt-nix": {
      "inputs": {
        "nixpkgs": ["nixpkgs"]
      },
      "locked": {
        "lastModified": 1732894027,
        "narHash": "sha256-2qbdorpq0TXHBWbVXaTqKoikN4bqAtAplTwGuII+oAc=",
        "owner": "numtide",
        "repo": "treefmt-nix",
        "rev": "6209c381904cab55796c5d7350e89681d3b2a8ef",
        "type": "github"
      },
      "original": {
        "owner": "numtide",
        "repo": "treefmt-nix",
        "type": "github"
      }
    }
  },
  "root": "root",
  "version": 7
}
